
Microsoft Visual Studio Solution File, Format Version 12.00
# Visual Studio 2012
Project("{FAE04EC0-301F-11D3-BF4B-00C04F79EFBC}") = "Zoombies-Universal-Launcher", "Zoombies-Universal-Launcher\Zoombies-Universal-Launcher.csproj", "{AB0FF829-B64C-436F-833F-6B50B7CA2C4E}"
EndProject
Global
	GlobalSection(SolutionConfigurationPlatforms) = preSolution
		Debug|Any CPU = Debug|Any CPU
		Release|Any CPU = Release|Any CPU
	EndGlobalSection
	GlobalSection(ProjectConfigurationPlatforms) = postSolution
		{AB0FF829-B64C-436F-833F-6B50B7CA2C4E}.Debug|Any CPU.ActiveCfg = Debug|Any CPU
		{AB0FF829-B64C-436F-833F-6B50B7CA2C4E}.Debug|Any CPU.Build.0 = Debug|Any CPU
		{AB0FF829-B64C-436F-833F-6B50B7CA2C4E}.Release|Any CPU.ActiveCfg = Release|Any CPU
		{AB0FF829-B64C-436F-833F-6B50B7CA2C4E}.Release|Any CPU.Build.0 = Release|Any CPU
	EndGlobalSection
	GlobalSection(SolutionProperties) = preSolution
		HideSolutionNode = FALSE
	EndGlobalSection
EndGlobal
